{
  "name": "MNCCASH303-BONUS-NEW-MEMBER-50%-100%-SLOT-GAME-PASTI-MUDAH-MAXWIN",
  "version": "1.11.0",
  "lockfileVersion": 2,
  "requires": true,
  "packages": {
    "": {
      "name": "MNCCASH303-BONUS-NEW-MEMBER-50%-100%-SLOT-GAME-PASTI-MUDAH-MAXWIN",
      "version": "1.2.1",
      "license": "MIT",
      "engines": {
        "atom": ">=1.0.0 <2.0.0"
      }
    }
  }
}
